
Microsoft Visual Studio Solution File, Format Version 12.00
# Visual Studio Version 17
VisualStudioVersion = 17.11.35312.102
MinimumVisualStudioVersion = 10.0.40219.1
Project("{FAE04EC0-301F-11D3-BF4B-00C04F79EFBC}") = "Bi-directional Association 1", "Bi-directional Association 1\Bi-directional Association 1.csproj", "{D3FA7036-1368-42DF-8B19-2B034958D6CF}"
EndProject
Global
	GlobalSection(SolutionConfigurationPlatforms) = preSolution
		Debug|Any CPU = Debug|Any CPU
		Release|Any CPU = Release|Any CPU
	EndGlobalSection
	GlobalSection(ProjectConfigurationPlatforms) = postSolution
		{D3FA7036-1368-42DF-8B19-2B034958D6CF}.Debug|Any CPU.ActiveCfg = Debug|Any CPU
		{D3FA7036-1368-42DF-8B19-2B034958D6CF}.Debug|Any CPU.Build.0 = Debug|Any CPU
		{D3FA7036-1368-42DF-8B19-2B034958D6CF}.Release|Any CPU.ActiveCfg = Release|Any CPU
		{D3FA7036-1368-42DF-8B19-2B034958D6CF}.Release|Any CPU.Build.0 = Release|Any CPU
	EndGlobalSection
	GlobalSection(SolutionProperties) = preSolution
		HideSolutionNode = FALSE
	EndGlobalSection
	GlobalSection(ExtensibilityGlobals) = postSolution
		SolutionGuid = {E5AE7499-C70A-4F2D-BC8D-BB52F2CD3CAA}
	EndGlobalSection
EndGlobal
